
Microsoft Visual Studio Solution File, Format Version 12.00
# Visual Studio Version 16
VisualStudioVersion = 16.0.30621.155
MinimumVisualStudioVersion = 10.0.40219.1
Project("{FAE04EC0-301F-11D3-BF4B-00C04F79EFBC}") = "Problem 1", "Problem 1.csproj", "{80556C95-BBB2-4048-ACEB-0E2715CFE0F7}"
EndProject
Project("{FAE04EC0-301F-11D3-BF4B-00C04F79EFBC}") = "Problem 2", "..\Problem 2\Problem 2.csproj", "{09E00376-4A84-4E8B-9B77-39A11C1B6613}"
EndProject
Project("{FAE04EC0-301F-11D3-BF4B-00C04F79EFBC}") = "Problem 3", "..\Problem 3\Problem 3.csproj", "{95114438-B72A-40EB-9061-7EC9692D9F08}"
EndProject
Global
	GlobalSection(SolutionConfigurationPlatforms) = preSolution
		Debug|Any CPU = Debug|Any CPU
		Release|Any CPU = Release|Any CPU
	EndGlobalSection
	GlobalSection(ProjectConfigurationPlatforms) = postSolution
		{80556C95-BBB2-4048-ACEB-0E2715CFE0F7}.Debug|Any CPU.ActiveCfg = Debug|Any CPU
		{80556C95-BBB2-4048-ACEB-0E2715CFE0F7}.Debug|Any CPU.Build.0 = Debug|Any CPU
		{80556C95-BBB2-4048-ACEB-0E2715CFE0F7}.Release|Any CPU.ActiveCfg = Release|Any CPU
		{80556C95-BBB2-4048-ACEB-0E2715CFE0F7}.Release|Any CPU.Build.0 = Release|Any CPU
		{09E00376-4A84-4E8B-9B77-39A11C1B6613}.Debug|Any CPU.ActiveCfg = Debug|Any CPU
		{09E00376-4A84-4E8B-9B77-39A11C1B6613}.Debug|Any CPU.Build.0 = Debug|Any CPU
		{09E00376-4A84-4E8B-9B77-39A11C1B6613}.Release|Any CPU.ActiveCfg = Release|Any CPU
		{09E00376-4A84-4E8B-9B77-39A11C1B6613}.Release|Any CPU.Build.0 = Release|Any CPU
		{95114438-B72A-40EB-9061-7EC9692D9F08}.Debug|Any CPU.ActiveCfg = Debug|Any CPU
		{95114438-B72A-40EB-9061-7EC9692D9F08}.Debug|Any CPU.Build.0 = Debug|Any CPU
		{95114438-B72A-40EB-9061-7EC9692D9F08}.Release|Any CPU.ActiveCfg = Release|Any CPU
		{95114438-B72A-40EB-9061-7EC9692D9F08}.Release|Any CPU.Build.0 = Release|Any CPU
	EndGlobalSection
	GlobalSection(SolutionProperties) = preSolution
		HideSolutionNode = FALSE
	EndGlobalSection
	GlobalSection(ExtensibilityGlobals) = postSolution
		SolutionGuid = {0152F8EB-1007-4954-8E55-935FD04AF93F}
	EndGlobalSection
EndGlobal
